# THIS IS AN AUTOGENERATED FILE. DO NOT EDIT THIS FILE DIRECTLY.
# yarn lockfile v1


easy@^8.2.43:
  version "8.2.45"
  resolved "https://registry.yarnpkg.com/easy/-/easy-8.2.45.tgz#83971a618aa30d83552506a5142b5abaa658f577"
  integrity sha512-42fW6tv1MyKSyZiq7i+UBNjiF1hN8Y8v8DEp5QrGBbVBB1q2ByFaM7xQVjhu1GDdmeCUQJH4xSNkubygEEpFyg==

juxtapose@^1.0.96:
  version "1.0.96"
  resolved "https://registry.yarnpkg.com/juxtapose/-/juxtapose-1.0.96.tgz#1593b15788cb28325d1891ac5e6b45dea665f2a8"
  integrity sha512-MExrLjCdv6q+6Vb/xiS+KU9G3FmUwKxnLJENMnY+gbm0P1nGoAKwRbh7mzLPOe0jwXvGsV1jAGCcvatIgNpx2w==
  dependencies:
    easy "^8.2.43"
